{
    "_readme": [
        "This file locks the dependencies of your project to a known state",
        "Read more about it at https://getcomposer.org/doc/01-basic-usage.md#installing-dependencies",
        "This file is @generated automatically"
    ],
    "content-hash": "b66b7f7731238dcaf5d892905e86cab9",
    "packages": [
        {
            "name": "oktopost/annotation",
            "version": "1.0.1",
            "source": {
                "type": "git",
                "url": "https://github.com/Oktopost/Annotation.git",
                "reference": "01126b906730c39c633c4a4a7da9c4222c31ae34"
            },
            "dist": {
                "type": "zip",
                "url": "https://api.github.com/repos/Oktopost/Annotation/zipball/01126b906730c39c633c4a4a7da9c4222c31ae34",
                "reference": "01126b906730c39c633c4a4a7da9c4222c31ae34",
                "shasum": ""
            },
            "require": {
                "php": ">=7.0"
            },
            "require-dev": {
                "phpunit/phpunit": "^6.1"
            },
            "type": "lib",
            "autoload": {
                "psr-0": {
                    "Annotation": "src"
                }
            },
            "notification-url": "https://packagist.org/downloads/",
            "license": [
                "MIT"
            ],
            "authors": [
                {
                    "name": "Alexey Puchkov",
                    "email": "alexey@oktopost.com"
                }
            ],
            "description": "Annotations library (yes, another one)",
            "support": {
                "issues": "https://github.com/Oktopost/Annotation/issues",
                "source": "https://github.com/Oktopost/Annotation/tree/master"
            },
            "time": "2017-07-23T11:14:02+00:00"
        },
        {
            "name": "oktopost/jsonencode",
            "version": "1.1.0",
            "source": {
                "type": "git",
                "url": "https://github.com/Oktopost/jsonencode.git",
                "reference": "ee18b86ec45b2fb2effb69cf893ba7f9739e71db"
            },
            "dist": {
                "type": "zip",
                "url": "https://api.github.com/repos/Oktopost/jsonencode/zipball/ee18b86ec45b2fb2effb69cf893ba7f9739e71db",
                "reference": "ee18b86ec45b2fb2effb69cf893ba7f9739e71db",
                "shasum": ""
            },
            "require": {
                "php": ">=7.1"
            },
            "require-dev": {
                "phpunit/phpunit": "^6.2",
                "satooshi/php-coveralls": "^1.0"
            },
            "type": "library",
            "autoload": {
                "files": [
                    "src/jsonencode.php",
                    "src/jsondecode.php"
                ]
            },
            "notification-url": "https://packagist.org/downloads/",
            "license": [
                "MIT"
            ],
            "authors": [
                {
                    "name": "Alexey Puchkov",
                    "email": "alexey.pkv@gmail.com"
                },
                {
                    "name": "Ivan Demchenkov",
                    "email": "demchenkov.ivan@gmail.com"
                }
            ],
            "description": "Fix the behavior of json_encode and json_decode",
            "support": {
                "issues": "https://github.com/Oktopost/jsonencode/issues",
                "source": "https://github.com/Oktopost/jsonencode/tree/1.1.0"
            },
            "time": "2022-10-18T05:08:55+00:00"
        },
        {
            "name": "oktopost/objection",
            "version": "2.0.2",
            "source": {
                "type": "git",
                "url": "https://github.com/Oktopost/Objection.git",
                "reference": "dc3cd419561cdd794920deb502b443445bad1ff2"
            },
            "dist": {
                "type": "zip",
                "url": "https://api.github.com/repos/Oktopost/Objection/zipball/dc3cd419561cdd794920deb502b443445bad1ff2",
                "reference": "dc3cd419561cdd794920deb502b443445bad1ff2",
                "shasum": ""
            },
            "require": {
                "oktopost/jsonencode": "^1.0",
                "php": ">=8.1-stable",
                "unstable-cacao/traitor": "^2.0.1"
            },
            "require-dev": {
                "phpstan/phpstan": "^1.6.3",
                "phpunit/phpunit": "^8.1"
            },
            "type": "library",
            "autoload": {
                "psr-0": {
                    "Objection": "src"
                }
            },
            "notification-url": "https://packagist.org/downloads/",
            "license": [
                "MIT"
            ],
            "authors": [
                {
                    "name": "Alexey Puchkov",
                    "email": "alexey@oktopost.com",
                    "role": "Developer"
                },
                {
                    "name": "Marina Sherstuk",
                    "email": "marinashers@gmail.com",
                    "role": "Developer"
                },
                {
                    "name": "Daniel Podrabinek",
                    "email": "dpodrabinek@oktopost.com",
                    "role": "Developer"
                }
            ],
            "description": "Objects in PHP",
            "homepage": "https://github.com/Oktopost/Objection",
            "support": {
                "issues": "https://github.com/Oktopost/Objection/issues",
                "source": "https://github.com/Oktopost/Objection/tree/2.0.2"
            },
            "time": "2023-06-04T07:44:10+00:00"
        },
        {
            "name": "oktopost/skeleton",
            "version": "2.0.2",
            "source": {
                "type": "git",
                "url": "https://github.com/Oktopost/Skeleton.git",
                "reference": "a276239e0a2c79ede56cb2961e5bd165ac84f359"
            },
            "dist": {
                "type": "zip",
                "url": "https://api.github.com/repos/Oktopost/Skeleton/zipball/a276239e0a2c79ede56cb2961e5bd165ac84f359",
                "reference": "a276239e0a2c79ede56cb2961e5bd165ac84f359",
                "shasum": ""
            },
            "require": {
                "php": ">=8.1",
                "unstable-cacao/traitor": "^2.0.1"
            },
            "require-dev": {
                "oktopost/unit-cover": "^1.0",
                "phpunit/phpunit": "^8.1"
            },
            "type": "library",
            "autoload": {
                "files": [
                    "Source/skeleton.php"
                ],
                "psr-0": {
                    "Skeleton": "Source"
                }
            },
            "notification-url": "https://packagist.org/downloads/",
            "license": [
                "MIT"
            ],
            "authors": [
                {
                    "name": "Alexey Puchkov",
                    "email": "alexey@oktopost.com",
                    "role": "Developer"
                }
            ],
            "description": "Inversion of Control library",
            "homepage": "https://github.com/Oktopost/Skeleton",
            "support": {
                "issues": "https://github.com/Oktopost/Skeleton/issues",
                "source": "https://github.com/Oktopost/Skeleton/tree/2.0.2"
            },
            "time": "2023-06-04T07:48:03+00:00"
        },
        {
            "name": "oktopost/unit-cover",
            "version": "1.0.0",
            "source": {
                "type": "git",
                "url": "https://github.com/Oktopost/UnitCover.git",
                "reference": "e564a75fab982dc198675beebb9f9ac37580dd32"
            },
            "dist": {
                "type": "zip",
                "url": "https://api.github.com/repos/Oktopost/UnitCover/zipball/e564a75fab982dc198675beebb9f9ac37580dd32",
                "reference": "e564a75fab982dc198675beebb9f9ac37580dd32",
                "shasum": ""
            },
            "require": {
                "php": ">=7.1"
            },
            "type": "library",
            "notification-url": "https://packagist.org/downloads/",
            "authors": [
                {
                    "name": "Alexey Puchkov",
                    "email": "alexey@oktopost.com",
                    "role": "Developer"
                }
            ],
            "support": {
                "issues": "https://github.com/Oktopost/UnitCover/issues",
                "source": "https://github.com/Oktopost/UnitCover/tree/master"
            },
            "time": "2018-04-12T08:48:53+00:00"
        },
        {
            "name": "unstable-cacao/narrator",
            "version": "2.0.1",
            "source": {
                "type": "git",
                "url": "https://github.com/unstable-cacao/Narrator.git",
                "reference": "012b126d6456378758ad7f4d0c78f57424bfec9c"
            },
            "dist": {
                "type": "zip",
                "url": "https://api.github.com/repos/unstable-cacao/Narrator/zipball/012b126d6456378758ad7f4d0c78f57424bfec9c",
                "reference": "012b126d6456378758ad7f4d0c78f57424bfec9c",
                "shasum": ""
            },
            "require": {
                "oktopost/skeleton": "^2.0.0",
                "php": ">=8.1"
            },
            "require-dev": {
                "phpunit/phpunit": "^8.1",
                "satooshi/php-coveralls": "^1.0"
            },
            "type": "library",
            "autoload": {
                "psr-0": {
                    "Narrator": "src"
                }
            },
            "notification-url": "https://packagist.org/downloads/",
            "license": [
                "MIT"
            ],
            "authors": [
                {
                    "name": "Marina Sherstuk",
                    "email": "marinashers@gmail.com"
                }
            ],
            "support": {
                "issues": "https://github.com/unstable-cacao/Narrator/issues",
                "source": "https://github.com/unstable-cacao/Narrator/tree/2.0.1"
            },
            "time": "2022-05-12T14:47:36+00:00"
        },
        {
            "name": "unstable-cacao/structura",
            "version": "3.0",
            "source": {
                "type": "git",
                "url": "https://github.com/unstable-cacao/Structura.git",
                "reference": "e0eb3da161e59255c9a0985db5ff7cb63c40e3f6"
            },
            "dist": {
                "type": "zip",
                "url": "https://api.github.com/repos/unstable-cacao/Structura/zipball/e0eb3da161e59255c9a0985db5ff7cb63c40e3f6",
                "reference": "e0eb3da161e59255c9a0985db5ff7cb63c40e3f6",
                "shasum": ""
            },
            "require": {
                "oktopost/objection": "^2.0",
                "php": ">=8.1"
            },
            "require-dev": {
                "oktopost/unit-cover": "^1.0",
                "phpunit/phpunit": "^8.1"
            },
            "type": "library",
            "autoload": {
                "files": [
                    "src/time.php"
                ],
                "psr-0": {
                    "Structura": "src"
                }
            },
            "notification-url": "https://packagist.org/downloads/",
            "license": [
                "MIT"
            ],
            "authors": [
                {
                    "name": "Alexey Puchkov",
                    "email": "alexey.pkv@gmail.com",
                    "role": "Developer"
                }
            ],
            "homepage": "https://github.com/unstable-cacao/Structura",
            "support": {
                "issues": "https://github.com/unstable-cacao/Structura/issues",
                "source": "https://github.com/unstable-cacao/Structura/tree/3.0"
            },
            "time": "2022-05-08T10:30:25+00:00"
        },
        {
            "name": "unstable-cacao/traitor",
            "version": "2.0.1",
            "source": {
                "type": "git",
                "url": "https://github.com/unstable-cacao/Traitor.git",
                "reference": "b7747d0f7dedb8d233349009c9b0a616c37db646"
            },
            "dist": {
                "type": "zip",
                "url": "https://api.github.com/repos/unstable-cacao/Traitor/zipball/b7747d0f7dedb8d233349009c9b0a616c37db646",
                "reference": "b7747d0f7dedb8d233349009c9b0a616c37db646",
                "shasum": ""
            },
            "require": {
                "oktopost/unit-cover": "^1.0",
                "php": ">=8.1-stable"
            },
            "require-dev": {
                "phpunit/phpunit": "^8.1"
            },
            "type": "library",
            "autoload": {
                "psr-4": {
                    "Traitor\\": "Source/"
                }
            },
            "notification-url": "https://packagist.org/downloads/",
            "license": [
                "MIT"
            ],
            "authors": [
                {
                    "name": "Alexey Puchkov",
                    "email": "alexey.pkv@gmail.com"
                },
                {
                    "name": "Marina Puchkov",
                    "email": "marinashers@gmail.com"
                }
            ],
            "support": {
                "issues": "https://github.com/unstable-cacao/Traitor/issues",
                "source": "https://github.com/unstable-cacao/Traitor/tree/2.0.1"
            },
            "time": "2023-06-01T12:16:11+00:00"
        },
        {
            "name": "unstable-cacao/web-core",
            "version": "1.0.0",
            "source": {
                "type": "git",
                "url": "https://github.com/unstable-cacao/WebCore.git",
                "reference": "051074299a9fe8a37c904d736e8be87ce5454773"
            },
            "dist": {
                "type": "zip",
                "url": "https://api.github.com/repos/unstable-cacao/WebCore/zipball/051074299a9fe8a37c904d736e8be87ce5454773",
                "reference": "051074299a9fe8a37c904d736e8be87ce5454773",
                "shasum": ""
            },
            "require": {
                "oktopost/jsonencode": "^1.1",
                "oktopost/objection": "^2.0",
                "oktopost/skeleton": "^2.0",
                "unstable-cacao/narrator": "^2.0",
                "unstable-cacao/structura": "^3.0"
            },
            "require-dev": {
                "php-coveralls/php-coveralls": "^2.1",
                "phpunit/phpunit": "^8.1"
            },
            "type": "library",
            "autoload": {
                "psr-4": {
                    "WebCore\\": "Source/"
                }
            },
            "notification-url": "https://packagist.org/downloads/",
            "license": [
                "MIT"
            ],
            "authors": [
                {
                    "name": "Alexey Puchkov",
                    "email": "alexey.pkv@gmail.com",
                    "role": "Developer"
                },
                {
                    "name": "Marina Puchkov",
                    "email": "marinashers@gmail.com",
                    "role": "Developer"
                }
            ],
            "support": {
                "issues": "https://github.com/unstable-cacao/WebCore/issues",
                "source": "https://github.com/unstable-cacao/WebCore/tree/1.0.0"
            },
            "time": "2023-06-23T10:29:24+00:00"
        }
    ],
    "packages-dev": [],
    "aliases": [],
    "minimum-stability": "stable",
    "stability-flags": [],
    "prefer-stable": false,
    "prefer-lowest": false,
    "platform": [],
    "platform-dev": [],
    "plugin-api-version": "2.1.0"
}
